// !$*UTF8*$!
{
	archiveVersion = 1;
	classes = {
	};
	objectVersion = 56;
	objects = {

/* Begin PBXBuildFile section */
		713355122BD7B764003D03BF /* AJFVasluiApp.swift in Sources */ = {isa = PBXBuildFile; fileRef = 713355112BD7B764003D03BF /* AJFVasluiApp.swift */; };
		713355142BD7B764003D03BF /* ContentView.swift in Sources */ = {isa = PBXBuildFile; fileRef = 713355132BD7B764003D03BF /* ContentView.swift */; };
		713355162BD7B767003D03BF /* Assets.xcassets in Resources */ = {isa = PBXBuildFile; fileRef = 713355152BD7B767003D03BF /* Assets.xcassets */; };
		713355192BD7B767003D03BF /* Preview Assets.xcassets in Resources */ = {isa = PBXBuildFile; fileRef = 713355182BD7B767003D03BF /* Preview Assets.xcassets */; };
		713355232BD7B768003D03BF /* AJFVasluiTests.swift in Sources */ = {isa = PBXBuildFile; fileRef = 713355222BD7B768003D03BF /* AJFVasluiTests.swift */; };
		7133552D2BD7B768003D03BF /* AJFVasluiUITests.swift in Sources */ = {isa = PBXBuildFile; fileRef = 7133552C2BD7B768003D03BF /* AJFVasluiUITests.swift */; };
		7133552F2BD7B768003D03BF /* AJFVasluiUITestsLaunchTests.swift in Sources */ = {isa = PBXBuildFile; fileRef = 7133552E2BD7B768003D03BF /* AJFVasluiUITestsLaunchTests.swift */; };
		7133553D2BD7BF8B003D03BF /* Gemfile in Resources */ = {isa = PBXBuildFile; fileRef = 7133553C2BD7BF8B003D03BF /* Gemfile */; };
/* End PBXBuildFile section */

/* Begin PBXContainerItemProxy section */
		7133551F2BD7B768003D03BF /* PBXContainerItemProxy */ = {
			isa = PBXContainerItemProxy;
			containerPortal = 713355062BD7B764003D03BF /* Project object */;
			proxyType = 1;
			remoteGlobalIDString = 7133550D2BD7B764003D03BF;
			remoteInfo = AJFVaslui;
		};
		713355292BD7B768003D03BF /* PBXContainerItemProxy */ = {
			isa = PBXContainerItemProxy;
			containerPortal = 713355062BD7B764003D03BF /* Project object */;
			proxyType = 1;
			remoteGlobalIDString = 7133550D2BD7B764003D03BF;
			remoteInfo = AJFVaslui;
		};
/* End PBXContainerItemProxy section */

/* Begin PBXFileReference section */
		7133550E2BD7B764003D03BF /* AJFVaslui.app */ = {isa = PBXFileReference; explicitFileType = wrapper.application; includeInIndex = 0; path = AJFVaslui.app; sourceTree = BUILT_PRODUCTS_DIR; };
		713355112BD7B764003D03BF /* AJFVasluiApp.swift */ = {isa = PBXFileReference; lastKnownFileType = sourcecode.swift; path = AJFVasluiApp.swift; sourceTree = "<group>"; };
		713355132BD7B764003D03BF /* ContentView.swift */ = {isa = PBXFileReference; lastKnownFileType = sourcecode.swift; path = ContentView.swift; sourceTree = "<group>"; };
		713355152BD7B767003D03BF /* Assets.xcassets */ = {isa = PBXFileReference; lastKnownFileType = folder.assetcatalog; path = Assets.xcassets; sourceTree = "<group>"; };
		713355182BD7B767003D03BF /* Preview Assets.xcassets */ = {isa = PBXFileReference; lastKnownFileType = folder.assetcatalog; path = "Preview Assets.xcassets"; sourceTree = "<group>"; };
		7133551E2BD7B768003D03BF /* AJFVasluiTests.xctest */ = {isa = PBXFileReference; explicitFileType = wrapper.cfbundle; includeInIndex = 0; path = AJFVasluiTests.xctest; sourceTree = BUILT_PRODUCTS_DIR; };
		713355222BD7B768003D03BF /* AJFVasluiTests.swift */ = {isa = PBXFileReference; lastKnownFileType = sourcecode.swift; path = AJFVasluiTests.swift; sourceTree = "<group>"; };
		713355282BD7B768003D03BF /* AJFVasluiUITests.xctest */ = {isa = PBXFileReference; explicitFileType = wrapper.cfbundle; includeInIndex = 0; path = AJFVasluiUITests.xctest; sourceTree = BUILT_PRODUCTS_DIR; };
		7133552C2BD7B768003D03BF /* AJFVasluiUITests.swift */ = {isa = PBXFileReference; lastKnownFileType = sourcecode.swift; path = AJFVasluiUITests.swift; sourceTree = "<group>"; };
		7133552E2BD7B768003D03BF /* AJFVasluiUITestsLaunchTests.swift */ = {isa = PBXFileReference; lastKnownFileType = sourcecode.swift; path = AJFVasluiUITestsLaunchTests.swift; sourceTree = "<group>"; };
		7133553C2BD7BF8B003D03BF /* Gemfile */ = {isa = PBXFileReference; lastKnownFileType = text; path = Gemfile; sourceTree = "<group>"; };
/* End PBXFileReference section */

/* Begin PBXFrameworksBuildPhase section */
		7133550B2BD7B764003D03BF /* Frameworks */ = {
			isa = PBXFrameworksBuildPhase;
			buildActionMask = 2147483647;
			files = (
			);
			runOnlyForDeploymentPostprocessing = 0;
		};
		7133551B2BD7B768003D03BF /* Frameworks */ = {
			isa = PBXFrameworksBuildPhase;
			buildActionMask = 2147483647;
			files = (
			);
			runOnlyForDeploymentPostprocessing = 0;
		};
		713355252BD7B768003D03BF /* Frameworks */ = {
			isa = PBXFrameworksBuildPhase;
			buildActionMask = 2147483647;
			files = (
			);
			runOnlyForDeploymentPostprocessing = 0;
		};
/* End PBXFrameworksBuildPhase section */

/* Begin PBXGroup section */
		713355052BD7B764003D03BF = {
			isa = PBXGroup;
			children = (
				7133553C2BD7BF8B003D03BF /* Gemfile */,
				713355102BD7B764003D03BF /* AJFVaslui */,
				713355212BD7B768003D03BF /* AJFVasluiTests */,
				7133552B2BD7B768003D03BF /* AJFVasluiUITests */,
				7133550F2BD7B764003D03BF /* Products */,
			);
			sourceTree = "<group>";
		};
		7133550F2BD7B764003D03BF /* Products */ = {
			isa = PBXGroup;
			children = (
				7133550E2BD7B764003D03BF /* AJFVaslui.app */,
				7133551E2BD7B768003D03BF /* AJFVasluiTests.xctest */,
				713355282BD7B768003D03BF /* AJFVasluiUITests.xctest */,
			);
			name = Products;
			sourceTree = "<group>";
		};
		713355102BD7B764003D03BF /* AJFVaslui */ = {
			isa = PBXGroup;
			children = (
				713355112BD7B764003D03BF /* AJFVasluiApp.swift */,
				713355132BD7B764003D03BF /* ContentView.swift */,
				713355152BD7B767003D03BF /* Assets.xcassets */,
				713355172BD7B767003D03BF /* Preview Content */,
			);
			path = AJFVaslui;
			sourceTree = "<group>";
		};
		713355172BD7B767003D03BF /* Preview Content */ = {
			isa = PBXGroup;
			children = (
				713355182BD7B767003D03BF /* Preview Assets.xcassets */,
			);
			path = "Preview Content";
			sourceTree = "<group>";
		};
		713355212BD7B768003D03BF /* AJFVasluiTests */ = {
			isa = PBXGroup;
			children = (
				713355222BD7B768003D03BF /* AJFVasluiTests.swift */,
			);
			path = AJFVasluiTests;
			sourceTree = "<group>";
		};
		7133552B2BD7B768003D03BF /* AJFVasluiUITests */ = {
			isa = PBXGroup;
			children = (
				7133552C2BD7B768003D03BF /* AJFVasluiUITests.swift */,
				7133552E2BD7B768003D03BF /* AJFVasluiUITestsLaunchTests.swift */,
			);
			path = AJFVasluiUITests;
			sourceTree = "<group>";
		};
/* End PBXGroup section */

/* Begin PBXNativeTarget section */
		7133550D2BD7B764003D03BF /* AJFVaslui */ = {
			isa = PBXNativeTarget;
			buildConfigurationList = 713355322BD7B768003D03BF /* Build configuration list for PBXNativeTarget "AJFVaslui" */;
			buildPhases = (
				7133550A2BD7B764003D03BF /* Sources */,
				7133550B2BD7B764003D03BF /* Frameworks */,
				7133550C2BD7B764003D03BF /* Resources */,
			);
			buildRules = (
			);
			dependencies = (
			);
			name = AJFVaslui;
			productName = AJFVaslui;
			productReference = 7133550E2BD7B764003D03BF /* AJFVaslui.app */;
			productType = "com.apple.product-type.application";
		};
		7133551D2BD7B768003D03BF /* AJFVasluiTests */ = {
			isa = PBXNativeTarget;
			buildConfigurationList = 713355352BD7B768003D03BF /* Build configuration list for PBXNativeTarget "AJFVasluiTests" */;
			buildPhases = (
				7133551A2BD7B768003D03BF /* Sources */,
				7133551B2BD7B768003D03BF /* Frameworks */,
				7133551C2BD7B768003D03BF /* Resources */,
			);
			buildRules = (
			);
			dependencies = (
				713355202BD7B768003D03BF /* PBXTargetDependency */,
			);
			name = AJFVasluiTests;
			productName = AJFVasluiTests;
			productReference = 7133551E2BD7B768003D03BF /* AJFVasluiTests.xctest */;
			productType = "com.apple.product-type.bundle.unit-test";
		};
		713355272BD7B768003D03BF /* AJFVasluiUITests */ = {
			isa = PBXNativeTarget;
			buildConfigurationList = 713355382BD7B768003D03BF /* Build configuration list for PBXNativeTarget "AJFVasluiUITests" */;
			buildPhases = (
				713355242BD7B768003D03BF /* Sources */,
				713355252BD7B768003D03BF /* Frameworks */,
				713355262BD7B768003D03BF /* Resources */,
			);
			buildRules = (
			);
			dependencies = (
				7133552A2BD7B768003D03BF /* PBXTargetDependency */,
			);
			name = AJFVasluiUITests;
			productName = AJFVasluiUITests;
			productReference = 713355282BD7B768003D03BF /* AJFVasluiUITests.xctest */;
			productType = "com.apple.product-type.bundle.ui-testing";
		};
/* End PBXNativeTarget section */

/* Begin PBXProject section */
		713355062BD7B764003D03BF /* Project object */ = {
			isa = PBXProject;
			attributes = {
				BuildIndependentTargetsInParallel = 1;
				LastSwiftUpdateCheck = 1510;
				LastUpgradeCheck = 1510;
				TargetAttributes = {
					7133550D2BD7B764003D03BF = {
						CreatedOnToolsVersion = 15.1;
					};
					7133551D2BD7B768003D03BF = {
						CreatedOnToolsVersion = 15.1;
						TestTargetID = 7133550D2BD7B764003D03BF;
					};
					713355272BD7B768003D03BF = {
						CreatedOnToolsVersion = 15.1;
						TestTargetID = 7133550D2BD7B764003D03BF;
					};
				};
			};
			buildConfigurationList = 713355092BD7B764003D03BF /* Build configuration list for PBXProject "AJFVaslui" */;
			compatibilityVersion = "Xcode 14.0";
			developmentRegion = en;
			hasScannedForEncodings = 0;
			knownRegions = (
				en,
				Base,
			);
			mainGroup = 713355052BD7B764003D03BF;
			productRefGroup = 7133550F2BD7B764003D03BF /* Products */;
			projectDirPath = "";
			projectRoot = "";
			targets = (
				7133550D2BD7B764003D03BF /* AJFVaslui */,
				7133551D2BD7B768003D03BF /* AJFVasluiTests */,
				713355272BD7B768003D03BF /* AJFVasluiUITests */,
			);
		};
/* End PBXProject section */

/* Begin PBXResourcesBuildPhase section */
		7133550C2BD7B764003D03BF /* Resources */ = {
			isa = PBXResourcesBuildPhase;
			buildActionMask = 2147483647;
			files = (
				7133553D2BD7BF8B003D03BF /* Gemfile in Resources */,
				713355192BD7B767003D03BF /* Preview Assets.xcassets in Resources */,
				713355162BD7B767003D03BF /* Assets.xcassets in Resources */,
			);
			runOnlyForDeploymentPostprocessing = 0;
		};
		7133551C2BD7B768003D03BF /* Resources */ = {
			isa = PBXResourcesBuildPhase;
			buildActionMask = 2147483647;
			files = (
			);
			runOnlyForDeploymentPostprocessing = 0;
		};
		713355262BD7B768003D03BF /* Resources */ = {
			isa = PBXResourcesBuildPhase;
			buildActionMask = 2147483647;
			files = (
			);
			runOnlyForDeploymentPostprocessing = 0;
		};
/* End PBXResourcesBuildPhase section */

/* Begin PBXSourcesBuildPhase section */
		7133550A2BD7B764003D03BF /* Sources */ = {
			isa = PBXSourcesBuildPhase;
			buildActionMask = 2147483647;
			files = (
				713355142BD7B764003D03BF /* ContentView.swift in Sources */,
				713355122BD7B764003D03BF /* AJFVasluiApp.swift in Sources */,
			);
			runOnlyForDeploymentPostprocessing = 0;
		};
		7133551A2BD7B768003D03BF /* Sources */ = {
			isa = PBXSourcesBuildPhase;
			buildActionMask = 2147483647;
			files = (
				713355232BD7B768003D03BF /* AJFVasluiTests.swift in Sources */,
			);
			runOnlyForDeploymentPostprocessing = 0;
		};
		713355242BD7B768003D03BF /* Sources */ = {
			isa = PBXSourcesBuildPhase;
			buildActionMask = 2147483647;
			files = (
				7133552F2BD7B768003D03BF /* AJFVasluiUITestsLaunchTests.swift in Sources */,
				7133552D2BD7B768003D03BF /* AJFVasluiUITests.swift in Sources */,
			);
			runOnlyForDeploymentPostprocessing = 0;
		};
/* End PBXSourcesBuildPhase section */

/* Begin PBXTargetDependency section */
		713355202BD7B768003D03BF /* PBXTargetDependency */ = {
			isa = PBXTargetDependency;
			target = 7133550D2BD7B764003D03BF /* AJFVaslui */;
			targetProxy = 7133551F2BD7B768003D03BF /* PBXContainerItemProxy */;
		};
		7133552A2BD7B768003D03BF /* PBXTargetDependency */ = {
			isa = PBXTargetDependency;
			target = 7133550D2BD7B764003D03BF /* AJFVaslui */;
			targetProxy = 713355292BD7B768003D03BF /* PBXContainerItemProxy */;
		};
/* End PBXTargetDependency section */

/* Begin XCBuildConfiguration section */
		713355302BD7B768003D03BF /* Debug */ = {
			isa = XCBuildConfiguration;
			buildSettings = {
				ALWAYS_SEARCH_USER_PATHS = NO;
				ASSETCATALOG_COMPILER_GENERATE_SWIFT_ASSET_SYMBOL_EXTENSIONS = YES;
				CLANG_ANALYZER_NONNULL = YES;
				CLANG_ANALYZER_NUMBER_OBJECT_CONVERSION = YES_AGGRESSIVE;
				CLANG_CXX_LANGUAGE_STANDARD = "gnu++20";
				CLANG_ENABLE_MODULES = YES;
				CLANG_ENABLE_OBJC_ARC = YES;
				CLANG_ENABLE_OBJC_WEAK = YES;
				CLANG_WARN_BLOCK_CAPTURE_AUTORELEASING = YES;
				CLANG_WARN_BOOL_CONVERSION = YES;
				CLANG_WARN_COMMA = YES;
				CLANG_WARN_CONSTANT_CONVERSION = YES;
				CLANG_WARN_DEPRECATED_OBJC_IMPLEMENTATIONS = YES;
				CLANG_WARN_DIRECT_OBJC_ISA_USAGE = YES_ERROR;
				CLANG_WARN_DOCUMENTATION_COMMENTS = YES;
				CLANG_WARN_EMPTY_BODY = YES;
				CLANG_WARN_ENUM_CONVERSION = YES;
				CLANG_WARN_INFINITE_RECURSION = YES;
				CLANG_WARN_INT_CONVERSION = YES;
				CLANG_WARN_NON_LITERAL_NULL_CONVERSION = YES;
				CLANG_WARN_OBJC_IMPLICIT_RETAIN_SELF = YES;
				CLANG_WARN_OBJC_LITERAL_CONVERSION = YES;
				CLANG_WARN_OBJC_ROOT_CLASS = YES_ERROR;
				CLANG_WARN_QUOTED_INCLUDE_IN_FRAMEWORK_HEADER = YES;
				CLANG_WARN_RANGE_LOOP_ANALYSIS = YES;
				CLANG_WARN_STRICT_PROTOTYPES = YES;
				CLANG_WARN_SUSPICIOUS_MOVE = YES;
				CLANG_WARN_UNGUARDED_AVAILABILITY = YES_AGGRESSIVE;
				CLANG_WARN_UNREACHABLE_CODE = YES;
				CLANG_WARN__DUPLICATE_METHOD_MATCH = YES;
				COPY_PHASE_STRIP = NO;
				DEBUG_INFORMATION_FORMAT = dwarf;
				ENABLE_STRICT_OBJC_MSGSEND = YES;
				ENABLE_TESTABILITY = YES;
				ENABLE_USER_SCRIPT_SANDBOXING = YES;
				GCC_C_LANGUAGE_STANDARD = gnu17;
				GCC_DYNAMIC_NO_PIC = NO;
				GCC_NO_COMMON_BLOCKS = YES;
				GCC_OPTIMIZATION_LEVEL = 0;
				GCC_PREPROCESSOR_DEFINITIONS = (
					"DEBUG=1",
					"$(inherited)",
				);
				GCC_WARN_64_TO_32_BIT_CONVERSION = YES;
				GCC_WARN_ABOUT_RETURN_TYPE = YES_ERROR;
				GCC_WARN_UNDECLARED_SELECTOR = YES;
				GCC_WARN_UNINITIALIZED_AUTOS = YES_AGGRESSIVE;
				GCC_WARN_UNUSED_FUNCTION = YES;
				GCC_WARN_UNUSED_VARIABLE = YES;
				IPHONEOS_DEPLOYMENT_TARGET = 17.2;
				LOCALIZATION_PREFERS_STRING_CATALOGS = YES;
				MTL_ENABLE_DEBUG_INFO = INCLUDE_SOURCE;
				MTL_FAST_MATH = YES;
				ONLY_ACTIVE_ARCH = YES;
				SDKROOT = iphoneos;
				SWIFT_ACTIVE_COMPILATION_CONDITIONS = "DEBUG $(inherited)";
				SWIFT_OPTIMIZATION_LEVEL = "-Onone";
			};
			name = Debug;
		};
		713355312BD7B768003D03BF /* Release */ = {
			isa = XCBuildConfiguration;
			buildSettings = {
				ALWAYS_SEARCH_USER_PATHS = NO;
				ASSETCATALOG_COMPILER_GENERATE_SWIFT_ASSET_SYMBOL_EXTENSIONS = YES;
				CLANG_ANALYZER_NONNULL = YES;
				CLANG_ANALYZER_NUMBER_OBJECT_CONVERSION = YES_AGGRESSIVE;
				CLANG_CXX_LANGUAGE_STANDARD = "gnu++20";
				CLANG_ENABLE_MODULES = YES;
				CLANG_ENABLE_OBJC_ARC = YES;
				CLANG_ENABLE_OBJC_WEAK = YES;
				CLANG_WARN_BLOCK_CAPTURE_AUTORELEASING = YES;
				CLANG_WARN_BOOL_CONVERSION = YES;
				CLANG_WARN_COMMA = YES;
				CLANG_WARN_CONSTANT_CONVERSION = YES;
				CLANG_WARN_DEPRECATED_OBJC_IMPLEMENTATIONS = YES;
				CLANG_WARN_DIRECT_OBJC_ISA_USAGE = YES_ERROR;
				CLANG_WARN_DOCUMENTATION_COMMENTS = YES;
				CLANG_WARN_EMPTY_BODY = YES;
				CLANG_WARN_ENUM_CONVERSION = YES;
				CLANG_WARN_INFINITE_RECURSION = YES;
				CLANG_WARN_INT_CONVERSION = YES;
				CLANG_WARN_NON_LITERAL_NULL_CONVERSION = YES;
				CLANG_WARN_OBJC_IMPLICIT_RETAIN_SELF = YES;
				CLANG_WARN_OBJC_LITERAL_CONVERSION = YES;
				CLANG_WARN_OBJC_ROOT_CLASS = YES_ERROR;
				CLANG_WARN_QUOTED_INCLUDE_IN_FRAMEWORK_HEADER = YES;
				CLANG_WARN_RANGE_LOOP_ANALYSIS = YES;
				CLANG_WARN_STRICT_PROTOTYPES = YES;
				CLANG_WARN_SUSPICIOUS_MOVE = YES;
				CLANG_WARN_UNGUARDED_AVAILABILITY = YES_AGGRESSIVE;
				CLANG_WARN_UNREACHABLE_CODE = YES;
				CLANG_WARN__DUPLICATE_METHOD_MATCH = YES;
				COPY_PHASE_STRIP = NO;
				DEBUG_INFORMATION_FORMAT = "dwarf-with-dsym";
				ENABLE_NS_ASSERTIONS = NO;
				ENABLE_STRICT_OBJC_MSGSEND = YES;
				ENABLE_USER_SCRIPT_SANDBOXING = YES;
				GCC_C_LANGUAGE_STANDARD = gnu17;
				GCC_NO_COMMON_BLOCKS = YES;
				GCC_WARN_64_TO_32_BIT_CONVERSION = YES;
				GCC_WARN_ABOUT_RETURN_TYPE = YES_ERROR;
				GCC_WARN_UNDECLARED_SELECTOR = YES;
				GCC_WARN_UNINITIALIZED_AUTOS = YES_AGGRESSIVE;
				GCC_WARN_UNUSED_FUNCTION = YES;
				GCC_WARN_UNUSED_VARIABLE = YES;
				IPHONEOS_DEPLOYMENT_TARGET = 17.2;
				LOCALIZATION_PREFERS_STRING_CATALOGS = YES;
				MTL_ENABLE_DEBUG_INFO = NO;
				MTL_FAST_MATH = YES;
				SDKROOT = iphoneos;
				SWIFT_COMPILATION_MODE = wholemodule;
				VALIDATE_PRODUCT = YES;
			};
			name = Release;
		};
		713355332BD7B768003D03BF /* Debug */ = {
			isa = XCBuildConfiguration;
			buildSettings = {
				ASSETCATALOG_COMPILER_APPICON_NAME = AppIcon;
				ASSETCATALOG_COMPILER_GLOBAL_ACCENT_COLOR_NAME = AccentColor;
				CODE_SIGN_STYLE = Automatic;
				CURRENT_PROJECT_VERSION = 1;
				DEVELOPMENT_ASSET_PATHS = "\"AJFVaslui/Preview Content\"";
				DEVELOPMENT_TEAM = 5M82633YD8;
				ENABLE_PREVIEWS = YES;
				GENERATE_INFOPLIST_FILE = YES;
				INFOPLIST_KEY_UIApplicationSceneManifest_Generation = YES;
				INFOPLIST_KEY_UIApplicationSupportsIndirectInputEvents = YES;
				INFOPLIST_KEY_UILaunchScreen_Generation = YES;
				INFOPLIST_KEY_UISupportedInterfaceOrientations_iPad = "UIInterfaceOrientationPortrait UIInterfaceOrientationPortraitUpsideDown UIInterfaceOrientationLandscapeLeft UIInterfaceOrientationLandscapeRight";
				INFOPLIST_KEY_UISupportedInterfaceOrientations_iPhone = "UIInterfaceOrientationPortrait UIInterfaceOrientationLandscapeLeft UIInterfaceOrientationLandscapeRight";
				LD_RUNPATH_SEARCH_PATHS = (
					"$(inherited)",
					"@executable_path/Frameworks",
				);
				MARKETING_VERSION = 1.0;
				PRODUCT_BUNDLE_IDENTIFIER = com.bursucandreistefan.AJFVaslui;
				PRODUCT_NAME = "$(TARGET_NAME)";
				SWIFT_EMIT_LOC_STRINGS = YES;
				SWIFT_VERSION = 5.0;
				TARGETED_DEVICE_FAMILY = "1,2";
			};
			name = Debug;
		};
		713355342BD7B768003D03BF /* Release */ = {
			isa = XCBuildConfiguration;
			buildSettings = {
				ASSETCATALOG_COMPILER_APPICON_NAME = AppIcon;
				ASSETCATALOG_COMPILER_GLOBAL_ACCENT_COLOR_NAME = AccentColor;
				CODE_SIGN_STYLE = Automatic;
				CURRENT_PROJECT_VERSION = 1;
				DEVELOPMENT_ASSET_PATHS = "\"AJFVaslui/Preview Content\"";
				DEVELOPMENT_TEAM = 5M82633YD8;
				ENABLE_PREVIEWS = YES;
				GENERATE_INFOPLIST_FILE = YES;
				INFOPLIST_KEY_UIApplicationSceneManifest_Generation = YES;
				INFOPLIST_KEY_UIApplicationSupportsIndirectInputEvents = YES;
				INFOPLIST_KEY_UILaunchScreen_Generation = YES;
				INFOPLIST_KEY_UISupportedInterfaceOrientations_iPad = "UIInterfaceOrientationPortrait UIInterfaceOrientationPortraitUpsideDown UIInterfaceOrientationLandscapeLeft UIInterfaceOrientationLandscapeRight";
				INFOPLIST_KEY_UISupportedInterfaceOrientations_iPhone = "UIInterfaceOrientationPortrait UIInterfaceOrientationLandscapeLeft UIInterfaceOrientationLandscapeRight";
				LD_RUNPATH_SEARCH_PATHS = (
					"$(inherited)",
					"@executable_path/Frameworks",
				);
				MARKETING_VERSION = 1.0;
				PRODUCT_BUNDLE_IDENTIFIER = com.bursucandreistefan.AJFVaslui;
				PRODUCT_NAME = "$(TARGET_NAME)";
				SWIFT_EMIT_LOC_STRINGS = YES;
				SWIFT_VERSION = 5.0;
				TARGETED_DEVICE_FAMILY = "1,2";
			};
			name = Release;
		};
		713355362BD7B768003D03BF /* Debug */ = {
			isa = XCBuildConfiguration;
			buildSettings = {
				ALWAYS_EMBED_SWIFT_STANDARD_LIBRARIES = YES;
				BUNDLE_LOADER = "$(TEST_HOST)";
				CODE_SIGN_STYLE = Automatic;
				CURRENT_PROJECT_VERSION = 1;
				DEVELOPMENT_TEAM = 5M82633YD8;
				GENERATE_INFOPLIST_FILE = YES;
				IPHONEOS_DEPLOYMENT_TARGET = 17.2;
				MARKETING_VERSION = 1.0;
				PRODUCT_BUNDLE_IDENTIFIER = com.bursucandreistefan.AJFVasluiTests;
				PRODUCT_NAME = "$(TARGET_NAME)";
				SWIFT_EMIT_LOC_STRINGS = NO;
				SWIFT_VERSION = 5.0;
				TARGETED_DEVICE_FAMILY = "1,2";
				TEST_HOST = "$(BUILT_PRODUCTS_DIR)/AJFVaslui.app/$(BUNDLE_EXECUTABLE_FOLDER_PATH)/AJFVaslui";
			};
			name = Debug;
		};
		713355372BD7B768003D03BF /* Release */ = {
			isa = XCBuildConfiguration;
			buildSettings = {
				ALWAYS_EMBED_SWIFT_STANDARD_LIBRARIES = YES;
				BUNDLE_LOADER = "$(TEST_HOST)";
				CODE_SIGN_STYLE = Automatic;
				CURRENT_PROJECT_VERSION = 1;
				DEVELOPMENT_TEAM = 5M82633YD8;
				GENERATE_INFOPLIST_FILE = YES;
				IPHONEOS_DEPLOYMENT_TARGET = 17.2;
				MARKETING_VERSION = 1.0;
				PRODUCT_BUNDLE_IDENTIFIER = com.bursucandreistefan.AJFVasluiTests;
				PRODUCT_NAME = "$(TARGET_NAME)";
				SWIFT_EMIT_LOC_STRINGS = NO;
				SWIFT_VERSION = 5.0;
				TARGETED_DEVICE_FAMILY = "1,2";
				TEST_HOST = "$(BUILT_PRODUCTS_DIR)/AJFVaslui.app/$(BUNDLE_EXECUTABLE_FOLDER_PATH)/AJFVaslui";
			};
			name = Release;
		};
		713355392BD7B768003D03BF /* Debug */ = {
			isa = XCBuildConfiguration;
			buildSettings = {
				ALWAYS_EMBED_SWIFT_STANDARD_LIBRARIES = YES;
				CODE_SIGN_STYLE = Automatic;
				CURRENT_PROJECT_VERSION = 1;
				DEVELOPMENT_TEAM = 5M82633YD8;
				GENERATE_INFOPLIST_FILE = YES;
				MARKETING_VERSION = 1.0;
				PRODUCT_BUNDLE_IDENTIFIER = com.bursucandreistefan.AJFVasluiUITests;
				PRODUCT_NAME = "$(TARGET_NAME)";
				SWIFT_EMIT_LOC_STRINGS = NO;
				SWIFT_VERSION = 5.0;
				TARGETED_DEVICE_FAMILY = "1,2";
				TEST_TARGET_NAME = AJFVaslui;
			};
			name = Debug;
		};
		7133553A2BD7B768003D03BF /* Release */ = {
			isa = XCBuildConfiguration;
			buildSettings = {
				ALWAYS_EMBED_SWIFT_STANDARD_LIBRARIES = YES;
				CODE_SIGN_STYLE = Automatic;
				CURRENT_PROJECT_VERSION = 1;
				DEVELOPMENT_TEAM = 5M82633YD8;
				GENERATE_INFOPLIST_FILE = YES;
				MARKETING_VERSION = 1.0;
				PRODUCT_BUNDLE_IDENTIFIER = com.bursucandreistefan.AJFVasluiUITests;
				PRODUCT_NAME = "$(TARGET_NAME)";
				SWIFT_EMIT_LOC_STRINGS = NO;
				SWIFT_VERSION = 5.0;
				TARGETED_DEVICE_FAMILY = "1,2";
				TEST_TARGET_NAME = AJFVaslui;
			};
			name = Release;
		};
/* End XCBuildConfiguration section */

/* Begin XCConfigurationList section */
		713355092BD7B764003D03BF /* Build configuration list for PBXProject "AJFVaslui" */ = {
			isa = XCConfigurationList;
			buildConfigurations = (
				713355302BD7B768003D03BF /* Debug */,
				713355312BD7B768003D03BF /* Release */,
			);
			defaultConfigurationIsVisible = 0;
			defaultConfigurationName = Release;
		};
		713355322BD7B768003D03BF /* Build configuration list for PBXNativeTarget "AJFVaslui" */ = {
			isa = XCConfigurationList;
			buildConfigurations = (
				713355332BD7B768003D03BF /* Debug */,
				713355342BD7B768003D03BF /* Release */,
			);
			defaultConfigurationIsVisible = 0;
			defaultConfigurationName = Release;
		};
		713355352BD7B768003D03BF /* Build configuration list for PBXNativeTarget "AJFVasluiTests" */ = {
			isa = XCConfigurationList;
			buildConfigurations = (
				713355362BD7B768003D03BF /* Debug */,
				713355372BD7B768003D03BF /* Release */,
			);
			defaultConfigurationIsVisible = 0;
			defaultConfigurationName = Release;
		};
		713355382BD7B768003D03BF /* Build configuration list for PBXNativeTarget "AJFVasluiUITests" */ = {
			isa = XCConfigurationList;
			buildConfigurations = (
				713355392BD7B768003D03BF /* Debug */,
				7133553A2BD7B768003D03BF /* Release */,
			);
			defaultConfigurationIsVisible = 0;
			defaultConfigurationName = Release;
		};
/* End XCConfigurationList section */
	};
	rootObject = 713355062BD7B764003D03BF /* Project object */;
}
